// !$*UTF8*$!
{
	archiveVersion = 1;
	classes = {
	};
	objectVersion = 54;
	objects = {

/* Begin PBXBuildFile section */
		00E356F31AD99517003FC87E /* fooddeliveryTests.m in Sources */ = {isa = PBXBuildFile; fileRef = 00E356F21AD99517003FC87E /* fooddeliveryTests.m */; };
		13B07FBC1A68108700A75B9A /* AppDelegate.m in Sources */ = {isa = PBXBuildFile; fileRef = 13B07FB01A68108700A75B9A /* AppDelegate.m */; };
		13B07FBF1A68108700A75B9A /* Images.xcassets in Resources */ = {isa = PBXBuildFile; fileRef = 13B07FB51A68108700A75B9A /* Images.xcassets */; };
		13B07FC11A68108700A75B9A /* main.m in Sources */ = {isa = PBXBuildFile; fileRef = 13B07FB71A68108700A75B9A /* main.m */; };
		81AB9BB82411601600AC10FF /* LaunchScreen.storyboard in Resources */ = {isa = PBXBuildFile; fileRef = 81AB9BB72411601600AC10FF /* LaunchScreen.storyboard */; };
		B86A2C1981644CE5A76030F0 /* AntDesign.ttf in Resources */ = {isa = PBXBuildFile; fileRef = 6680C4916B3E4586B0B84FF4 /* AntDesign.ttf */; };
		B2DEB30E2EE24591A1C8AB17 /* Entypo.ttf in Resources */ = {isa = PBXBuildFile; fileRef = C4394012E60F46FCB029C53C /* Entypo.ttf */; };
		4169A8F4CFDD4E6798474486 /* EvilIcons.ttf in Resources */ = {isa = PBXBuildFile; fileRef = D4EEA1B3024E42509403FB99 /* EvilIcons.ttf */; };
		CC16362E0CED4A8BB28465DD /* Feather.ttf in Resources */ = {isa = PBXBuildFile; fileRef = 3E06C5C1EB114DA1BB8ACF55 /* Feather.ttf */; };
		44BB35873CCB4501899B5A92 /* FontAwesome.ttf in Resources */ = {isa = PBXBuildFile; fileRef = C65D6A97A3FA4BBAA323B127 /* FontAwesome.ttf */; };
		C6C369CB8F6C487480BF9794 /* FontAwesome5_Brands.ttf in Resources */ = {isa = PBXBuildFile; fileRef = A0EEDABC94F446F7A2BC3A6F /* FontAwesome5_Brands.ttf */; };
		99A778B345E64D1E8D4DBD42 /* FontAwesome5_Regular.ttf in Resources */ = {isa = PBXBuildFile; fileRef = 4947AA8E7164432A821F9E86 /* FontAwesome5_Regular.ttf */; };
		63E3B0AF320845669CF0780A /* FontAwesome5_Solid.ttf in Resources */ = {isa = PBXBuildFile; fileRef = 64D27631F65349D4B4314C18 /* FontAwesome5_Solid.ttf */; };
		284EF4EF00F3463C83D72C6E /* Fontisto.ttf in Resources */ = {isa = PBXBuildFile; fileRef = 0CF797E8CA884300A01253EE /* Fontisto.ttf */; };
		9C6A97E080FB4F7AAFBEC474 /* Foundation.ttf in Resources */ = {isa = PBXBuildFile; fileRef = 1D31A40C3D1D49138BC2CAC9 /* Foundation.ttf */; };
		2F2321FC24BA4248906E3880 /* Ionicons.ttf in Resources */ = {isa = PBXBuildFile; fileRef = 22146AE861454BC0A16EE299 /* Ionicons.ttf */; };
		84158C4196274FE4B8F53890 /* MaterialCommunityIcons.ttf in Resources */ = {isa = PBXBuildFile; fileRef = 2EA5DB410124433EAFCF3B35 /* MaterialCommunityIcons.ttf */; };
		719A890F9CA741799890E032 /* MaterialIcons.ttf in Resources */ = {isa = PBXBuildFile; fileRef = E1BA5A3F7DFC4E00AF61C8AA /* MaterialIcons.ttf */; };
		D5F27C76AB3B4AB78030DF85 /* Octicons.ttf in Resources */ = {isa = PBXBuildFile; fileRef = 81C812DB544A42EE8D03A36C /* Octicons.ttf */; };
		E2CC89FE8DEA4A2C8E992E92 /* SimpleLineIcons.ttf in Resources */ = {isa = PBXBuildFile; fileRef = 38BD585EE2DE4A4E8C615D8D /* SimpleLineIcons.ttf */; };
		18D2C4FC94F34250B3BF6100 /* Zocial.ttf in Resources */ = {isa = PBXBuildFile; fileRef = 2B645BADF7A44AFDB8CAF222 /* Zocial.ttf */; };
		BF99AEC95DA2475A82BF2185 /* bentonsansblack.png in Resources */ = {isa = PBXBuildFile; fileRef = 39409A4A28CA43A7AFE67016 /* bentonsansblack.png */; };
		0DA07DF4DF8D4AA7880A174A /* bentonsansbold.png in Resources */ = {isa = PBXBuildFile; fileRef = 4420FBDDC97849B2A8C835CC /* bentonsansbold.png */; };
		6EEBA53A701542F4A3F4AFC0 /* bentonsansbook.png in Resources */ = {isa = PBXBuildFile; fileRef = B1EF38BEE2E74707AF8B04CB /* bentonsansbook.png */; };
		B2F1AFFD99CF4DA19409D5D9 /* bentonsansmedium.png in Resources */ = {isa = PBXBuildFile; fileRef = 0B4C736E30974553A121700B /* bentonsansmedium.png */; };
		59563F7EC5C24E4F825CBD7D /* bentonsansregular.png in Resources */ = {isa = PBXBuildFile; fileRef = 9FD6CBEC702A4F33AB590768 /* bentonsansregular.png */; };
		1C0772D1CBC34CA0AAD619B5 /* BentonSans Black.otf in Resources */ = {isa = PBXBuildFile; fileRef = 9DCCC0D0B9F7448996F30E6D /* BentonSans Black.otf */; };
		95A6AA4B341B42FD98648D95 /* BentonSans Bold.otf in Resources */ = {isa = PBXBuildFile; fileRef = 563DA5E3B5B34BB6AA808440 /* BentonSans Bold.otf */; };
		DF98D02783EE4181AA77E3F9 /* BentonSans Book.otf in Resources */ = {isa = PBXBuildFile; fileRef = F2BEEC0EA64545DDB6ED8FF5 /* BentonSans Book.otf */; };
		14E82DC0720D4035AFA3DB37 /* BentonSans Medium.otf in Resources */ = {isa = PBXBuildFile; fileRef = BB896AEB78B74A4E970E9156 /* BentonSans Medium.otf */; };
		929CDDBB872B4C0788061EBF /* BentonSans Regular.otf in Resources */ = {isa = PBXBuildFile; fileRef = 3B31EE8E095A4C4685DF467E /* BentonSans Regular.otf */; };
		8171DCDFD4474EFE8A22BC51 /* bentonsansblack.png in Resources */ = {isa = PBXBuildFile; fileRef = 0200C02464A049FEA8648D65 /* bentonsansblack.png */; };
		A46B5F81D19E4E40B52DABFE /* bentonsansbold.png in Resources */ = {isa = PBXBuildFile; fileRef = D1D1D2B8CFE64EE2A1853A5E /* bentonsansbold.png */; };
		4C84F6A828FB4DC2952C761A /* bentonsansbook.png in Resources */ = {isa = PBXBuildFile; fileRef = 11753F342E724F70BB45BC01 /* bentonsansbook.png */; };
		21EF14828BFE40E7ACB95E88 /* bentonsansmedium.png in Resources */ = {isa = PBXBuildFile; fileRef = E7775C2A92904170986598BB /* bentonsansmedium.png */; };
		FE92D08F30204FFAA6C0B00B /* bentonsansregular.png in Resources */ = {isa = PBXBuildFile; fileRef = CE00ADE8543540FFB0C503A7 /* bentonsansregular.png */; };
		0650A26DCFCC470BB1D39636 /* BentonSans Black.otf in Resources */ = {isa = PBXBuildFile; fileRef = B5F7D918466E4A84972FF637 /* BentonSans Black.otf */; };
		29E5BA60247C4D17A7BCF063 /* BentonSans Bold.otf in Resources */ = {isa = PBXBuildFile; fileRef = A0E8B28C4CCE4F5BB8D171C1 /* BentonSans Bold.otf */; };
		DF30C1DD5AA04C649DA929E8 /* BentonSans Book.otf in Resources */ = {isa = PBXBuildFile; fileRef = 3C45C0C1B10F44A6A889864E /* BentonSans Book.otf */; };
		2E011DDC97C14612BEF3BAC9 /* BentonSans Medium.otf in Resources */ = {isa = PBXBuildFile; fileRef = F80A3F9BA7C043DA8AEC3E77 /* BentonSans Medium.otf */; };
		ED0E49B8A5C54EC2B6D8A5B8 /* BentonSans Regular.otf in Resources */ = {isa = PBXBuildFile; fileRef = 37E3583D5394433C8CB5B841 /* BentonSans Regular.otf */; };
		DC46919BBB634D42A5091577 /* BentonSansBlack.otf in Resources */ = {isa = PBXBuildFile; fileRef = 4BFE70F1502846A7822996FE /* BentonSansBlack.otf */; };
		68F66C92700F493BB56F2571 /* BentonSansBold.otf in Resources */ = {isa = PBXBuildFile; fileRef = 293AEE44BCB441E28EB0A4FB /* BentonSansBold.otf */; };
		C385BD34D864464987FF24DA /* BentonSansBook.otf in Resources */ = {isa = PBXBuildFile; fileRef = 079A6A6A24474E2E824A08EA /* BentonSansBook.otf */; };
		52FAA4C71BB84B8EA32C738E /* BentonSansMedium.otf in Resources */ = {isa = PBXBuildFile; fileRef = CA253FC8B6394215A6255744 /* BentonSansMedium.otf */; };
		5BC55819A8754AE4A08E3E8B /* BentonSansRegular.otf in Resources */ = {isa = PBXBuildFile; fileRef = 27607946C74F428A80B7FB5D /* BentonSansRegular.otf */; };
		60BCA8748FFB488B96F4A46F /* BentonSans-Bold.otf in Resources */ = {isa = PBXBuildFile; fileRef = 71075DDDF2C2410E9EA132B6 /* BentonSans-Bold.otf */; };
		45AFAA71D3CF4479B7724378 /* BentonSans-Regular.otf in Resources */ = {isa = PBXBuildFile; fileRef = E9E8C16D91FE4D8FB7351114 /* BentonSans-Regular.otf */; };
		7CB1890BF07646D49CB8A934 /* Roboto-Black.ttf in Resources */ = {isa = PBXBuildFile; fileRef = C8B5270E966D4414A1B8A0B1 /* Roboto-Black.ttf */; };
		DC5FE180A83E4A8CB4869785 /* Roboto-BlackItalic.ttf in Resources */ = {isa = PBXBuildFile; fileRef = 3FA13A8C5EED41A39830628F /* Roboto-BlackItalic.ttf */; };
		C237F8FAF5344AEE9C435B79 /* Roboto-Bold.ttf in Resources */ = {isa = PBXBuildFile; fileRef = 1430B062FC3F4F7E9C8CCDE1 /* Roboto-Bold.ttf */; };
		CBB6F94E8EB94518ABB9CE2B /* Roboto-BoldItalic.ttf in Resources */ = {isa = PBXBuildFile; fileRef = B577ED0DD9964E659D7DA22C /* Roboto-BoldItalic.ttf */; };
		9098FC0584044AF9A80C09F9 /* Roboto-Italic.ttf in Resources */ = {isa = PBXBuildFile; fileRef = 7E6BF1118232407398410ECC /* Roboto-Italic.ttf */; };
		6AB066C2E0DA4A04A430233F /* Roboto-Light.ttf in Resources */ = {isa = PBXBuildFile; fileRef = 1A381A15E74145D78E020F9F /* Roboto-Light.ttf */; };
		1323F2CE614948B08E2E2C8C /* Roboto-LightItalic.ttf in Resources */ = {isa = PBXBuildFile; fileRef = ADA83F5CDFCD48F791FFA8E6 /* Roboto-LightItalic.ttf */; };
		00A89693E7CB428FB72BF104 /* Roboto-Medium.ttf in Resources */ = {isa = PBXBuildFile; fileRef = C00EE3B931644F59811CC077 /* Roboto-Medium.ttf */; };
		8C758A3A3B4A40CCB83C81AD /* Roboto-MediumItalic.ttf in Resources */ = {isa = PBXBuildFile; fileRef = ACF465425AA847958971C10E /* Roboto-MediumItalic.ttf */; };
		769A4756104B4B92A9019550 /* Roboto-Regular.ttf in Resources */ = {isa = PBXBuildFile; fileRef = A496EC84A5EB4E7589FDE47F /* Roboto-Regular.ttf */; };
		0AB63368C1FE417081BDB8D4 /* Roboto-Thin.ttf in Resources */ = {isa = PBXBuildFile; fileRef = 7AA6E160B38C4FA782D4471A /* Roboto-Thin.ttf */; };
		E243C388B7A142C2B107315B /* Roboto-ThinItalic.ttf in Resources */ = {isa = PBXBuildFile; fileRef = 1F446C1231AB4A2583A5B8EF /* Roboto-ThinItalic.ttf */; };
		DCCE0CE2566348AFB62452CC /* RobotoCondensed-Bold.ttf in Resources */ = {isa = PBXBuildFile; fileRef = 0EAA60A93DA240FBB150ED4F /* RobotoCondensed-Bold.ttf */; };
		374C872635CA43ABBB5420FD /* RobotoCondensed-BoldItalic.ttf in Resources */ = {isa = PBXBuildFile; fileRef = D7C2F1108D704BE99610AD05 /* RobotoCondensed-BoldItalic.ttf */; };
		2B43C9248C62471EBF40CF7F /* RobotoCondensed-Italic.ttf in Resources */ = {isa = PBXBuildFile; fileRef = 3CE49C7A5AE744F8BD749D14 /* RobotoCondensed-Italic.ttf */; };
		CB83C6D9C23142CC8325F5B6 /* RobotoCondensed-Light.ttf in Resources */ = {isa = PBXBuildFile; fileRef = F42C0C52A88C417EB8E00F60 /* RobotoCondensed-Light.ttf */; };
		5FA3788A9C29433BA4D51097 /* RobotoCondensed-LightItalic.ttf in Resources */ = {isa = PBXBuildFile; fileRef = 8A1050D9A3584D8386A0992D /* RobotoCondensed-LightItalic.ttf */; };
		FD67416A6D084C6FA2BBE994 /* RobotoCondensed-Regular.ttf in Resources */ = {isa = PBXBuildFile; fileRef = 5364E3E76F85479C8A75D419 /* RobotoCondensed-Regular.ttf */; };
		1DAABD885C3942BAB69EAFF8 /* PTSans-Bold.ttf in Resources */ = {isa = PBXBuildFile; fileRef = 63A9D39C60194708AC58AE1A /* PTSans-Bold.ttf */; };
		AD13AE33115849C395C63415 /* PTSans-BoldItalic.ttf in Resources */ = {isa = PBXBuildFile; fileRef = 53338631A0464E26BB5F4644 /* PTSans-BoldItalic.ttf */; };
		CA525B18D63A4E2D87D5DB96 /* PTSans-Italic.ttf in Resources */ = {isa = PBXBuildFile; fileRef = 60800657AF3A42C8AC7F6544 /* PTSans-Italic.ttf */; };
		AE49789681A64F7A89050E3E /* PTSans-Regular.ttf in Resources */ = {isa = PBXBuildFile; fileRef = 1BD0563034084E5D8EC85644 /* PTSans-Regular.ttf */; };
/* End PBXBuildFile section */

/* Begin PBXContainerItemProxy section */
		00E356F41AD99517003FC87E /* PBXContainerItemProxy */ = {
			isa = PBXContainerItemProxy;
			containerPortal = 83CBB9F71A601CBA00E9B192 /* Project object */;
			proxyType = 1;
			remoteGlobalIDString = 13B07F861A680F5B00A75B9A;
			remoteInfo = fooddelivery;
		};
/* End PBXContainerItemProxy section */

/* Begin PBXFileReference section */
		00E356EE1AD99517003FC87E /* fooddeliveryTests.xctest */ = {isa = PBXFileReference; explicitFileType = wrapper.cfbundle; includeInIndex = 0; path = fooddeliveryTests.xctest; sourceTree = BUILT_PRODUCTS_DIR; };
		00E356F11AD99517003FC87E /* Info.plist */ = {isa = PBXFileReference; lastKnownFileType = text.plist.xml; path = Info.plist; sourceTree = "<group>"; };
		00E356F21AD99517003FC87E /* fooddeliveryTests.m */ = {isa = PBXFileReference; lastKnownFileType = sourcecode.c.objc; path = fooddeliveryTests.m; sourceTree = "<group>"; };
		13B07F961A680F5B00A75B9A /* fooddelivery.app */ = {isa = PBXFileReference; explicitFileType = wrapper.application; includeInIndex = 0; path = fooddelivery.app; sourceTree = BUILT_PRODUCTS_DIR; };
		13B07FAF1A68108700A75B9A /* AppDelegate.h */ = {isa = PBXFileReference; fileEncoding = 4; lastKnownFileType = sourcecode.c.h; name = AppDelegate.h; path = fooddelivery/AppDelegate.h; sourceTree = "<group>"; };
		13B07FB01A68108700A75B9A /* AppDelegate.m */ = {isa = PBXFileReference; fileEncoding = 4; lastKnownFileType = sourcecode.c.objc; name = AppDelegate.m; path = fooddelivery/AppDelegate.m; sourceTree = "<group>"; };
		13B07FB51A68108700A75B9A /* Images.xcassets */ = {isa = PBXFileReference; lastKnownFileType = folder.assetcatalog; name = Images.xcassets; path = fooddelivery/Images.xcassets; sourceTree = "<group>"; };
		13B07FB61A68108700A75B9A /* Info.plist */ = {isa = PBXFileReference; fileEncoding = 4; lastKnownFileType = text.plist.xml; name = Info.plist; path = fooddelivery/Info.plist; sourceTree = "<group>"; };
		13B07FB71A68108700A75B9A /* main.m */ = {isa = PBXFileReference; fileEncoding = 4; lastKnownFileType = sourcecode.c.objc; name = main.m; path = fooddelivery/main.m; sourceTree = "<group>"; };
		81AB9BB72411601600AC10FF /* LaunchScreen.storyboard */ = {isa = PBXFileReference; fileEncoding = 4; lastKnownFileType = file.storyboard; name = LaunchScreen.storyboard; path = fooddelivery/LaunchScreen.storyboard; sourceTree = "<group>"; };
		ED297162215061F000B7C4FE /* JavaScriptCore.framework */ = {isa = PBXFileReference; lastKnownFileType = wrapper.framework; name = JavaScriptCore.framework; path = System/Library/Frameworks/JavaScriptCore.framework; sourceTree = SDKROOT; };
		6680C4916B3E4586B0B84FF4 /* AntDesign.ttf */ = {isa = PBXFileReference; name = "AntDesign.ttf"; path = "../node_modules/react-native-vector-icons/Fonts/AntDesign.ttf"; sourceTree = "<group>"; fileEncoding = undefined; lastKnownFileType = unknown; explicitFileType = undefined; includeInIndex = 0; };
		C4394012E60F46FCB029C53C /* Entypo.ttf */ = {isa = PBXFileReference; name = "Entypo.ttf"; path = "../node_modules/react-native-vector-icons/Fonts/Entypo.ttf"; sourceTree = "<group>"; fileEncoding = undefined; lastKnownFileType = unknown; explicitFileType = undefined; includeInIndex = 0; };
		D4EEA1B3024E42509403FB99 /* EvilIcons.ttf */ = {isa = PBXFileReference; name = "EvilIcons.ttf"; path = "../node_modules/react-native-vector-icons/Fonts/EvilIcons.ttf"; sourceTree = "<group>"; fileEncoding = undefined; lastKnownFileType = unknown; explicitFileType = undefined; includeInIndex = 0; };
		3E06C5C1EB114DA1BB8ACF55 /* Feather.ttf */ = {isa = PBXFileReference; name = "Feather.ttf"; path = "../node_modules/react-native-vector-icons/Fonts/Feather.ttf"; sourceTree = "<group>"; fileEncoding = undefined; lastKnownFileType = unknown; explicitFileType = undefined; includeInIndex = 0; };
		C65D6A97A3FA4BBAA323B127 /* FontAwesome.ttf */ = {isa = PBXFileReference; name = "FontAwesome.ttf"; path = "../node_modules/react-native-vector-icons/Fonts/FontAwesome.ttf"; sourceTree = "<group>"; fileEncoding = undefined; lastKnownFileType = unknown; explicitFileType = undefined; includeInIndex = 0; };
		A0EEDABC94F446F7A2BC3A6F /* FontAwesome5_Brands.ttf */ = {isa = PBXFileReference; name = "FontAwesome5_Brands.ttf"; path = "../node_modules/react-native-vector-icons/Fonts/FontAwesome5_Brands.ttf"; sourceTree = "<group>"; fileEncoding = undefined; lastKnownFileType = unknown; explicitFileType = undefined; includeInIndex = 0; };
		4947AA8E7164432A821F9E86 /* FontAwesome5_Regular.ttf */ = {isa = PBXFileReference; name = "FontAwesome5_Regular.ttf"; path = "../node_modules/react-native-vector-icons/Fonts/FontAwesome5_Regular.ttf"; sourceTree = "<group>"; fileEncoding = undefined; lastKnownFileType = unknown; explicitFileType = undefined; includeInIndex = 0; };
		64D27631F65349D4B4314C18 /* FontAwesome5_Solid.ttf */ = {isa = PBXFileReference; name = "FontAwesome5_Solid.ttf"; path = "../node_modules/react-native-vector-icons/Fonts/FontAwesome5_Solid.ttf"; sourceTree = "<group>"; fileEncoding = undefined; lastKnownFileType = unknown; explicitFileType = undefined; includeInIndex = 0; };
		0CF797E8CA884300A01253EE /* Fontisto.ttf */ = {isa = PBXFileReference; name = "Fontisto.ttf"; path = "../node_modules/react-native-vector-icons/Fonts/Fontisto.ttf"; sourceTree = "<group>"; fileEncoding = undefined; lastKnownFileType = unknown; explicitFileType = undefined; includeInIndex = 0; };
		1D31A40C3D1D49138BC2CAC9 /* Foundation.ttf */ = {isa = PBXFileReference; name = "Foundation.ttf"; path = "../node_modules/react-native-vector-icons/Fonts/Foundation.ttf"; sourceTree = "<group>"; fileEncoding = undefined; lastKnownFileType = unknown; explicitFileType = undefined; includeInIndex = 0; };
		22146AE861454BC0A16EE299 /* Ionicons.ttf */ = {isa = PBXFileReference; name = "Ionicons.ttf"; path = "../node_modules/react-native-vector-icons/Fonts/Ionicons.ttf"; sourceTree = "<group>"; fileEncoding = undefined; lastKnownFileType = unknown; explicitFileType = undefined; includeInIndex = 0; };
		2EA5DB410124433EAFCF3B35 /* MaterialCommunityIcons.ttf */ = {isa = PBXFileReference; name = "MaterialCommunityIcons.ttf"; path = "../node_modules/react-native-vector-icons/Fonts/MaterialCommunityIcons.ttf"; sourceTree = "<group>"; fileEncoding = undefined; lastKnownFileType = unknown; explicitFileType = undefined; includeInIndex = 0; };
		E1BA5A3F7DFC4E00AF61C8AA /* MaterialIcons.ttf */ = {isa = PBXFileReference; name = "MaterialIcons.ttf"; path = "../node_modules/react-native-vector-icons/Fonts/MaterialIcons.ttf"; sourceTree = "<group>"; fileEncoding = undefined; lastKnownFileType = unknown; explicitFileType = undefined; includeInIndex = 0; };
		81C812DB544A42EE8D03A36C /* Octicons.ttf */ = {isa = PBXFileReference; name = "Octicons.ttf"; path = "../node_modules/react-native-vector-icons/Fonts/Octicons.ttf"; sourceTree = "<group>"; fileEncoding = undefined; lastKnownFileType = unknown; explicitFileType = undefined; includeInIndex = 0; };
		38BD585EE2DE4A4E8C615D8D /* SimpleLineIcons.ttf */ = {isa = PBXFileReference; name = "SimpleLineIcons.ttf"; path = "../node_modules/react-native-vector-icons/Fonts/SimpleLineIcons.ttf"; sourceTree = "<group>"; fileEncoding = undefined; lastKnownFileType = unknown; explicitFileType = undefined; includeInIndex = 0; };
		2B645BADF7A44AFDB8CAF222 /* Zocial.ttf */ = {isa = PBXFileReference; name = "Zocial.ttf"; path = "../node_modules/react-native-vector-icons/Fonts/Zocial.ttf"; sourceTree = "<group>"; fileEncoding = undefined; lastKnownFileType = unknown; explicitFileType = undefined; includeInIndex = 0; };
		39409A4A28CA43A7AFE67016 /* bentonsansblack.png */ = {isa = PBXFileReference; name = "bentonsansblack.png"; path = "../assets/fonts/bentonsansblack/bentonsansblack.png"; sourceTree = "<group>"; fileEncoding = undefined; lastKnownFileType = unknown; explicitFileType = undefined; includeInIndex = 0; };
		4420FBDDC97849B2A8C835CC /* bentonsansbold.png */ = {isa = PBXFileReference; name = "bentonsansbold.png"; path = "../assets/fonts/bentonsansbold/bentonsansbold.png"; sourceTree = "<group>"; fileEncoding = undefined; lastKnownFileType = unknown; explicitFileType = undefined; includeInIndex = 0; };
		B1EF38BEE2E74707AF8B04CB /* bentonsansbook.png */ = {isa = PBXFileReference; name = "bentonsansbook.png"; path = "../assets/fonts/bentonsansbook/bentonsansbook.png"; sourceTree = "<group>"; fileEncoding = undefined; lastKnownFileType = unknown; explicitFileType = undefined; includeInIndex = 0; };
		0B4C736E30974553A121700B /* bentonsansmedium.png */ = {isa = PBXFileReference; name = "bentonsansmedium.png"; path = "../assets/fonts/bentonsansmedium/bentonsansmedium.png"; sourceTree = "<group>"; fileEncoding = undefined; lastKnownFileType = unknown; explicitFileType = undefined; includeInIndex = 0; };
		9FD6CBEC702A4F33AB590768 /* bentonsansregular.png */ = {isa = PBXFileReference; name = "bentonsansregular.png"; path = "../assets/fonts/bentonsansregular/bentonsansregular.png"; sourceTree = "<group>"; fileEncoding = undefined; lastKnownFileType = unknown; explicitFileType = undefined; includeInIndex = 0; };
		9DCCC0D0B9F7448996F30E6D /* BentonSans Black.otf */ = {isa = PBXFileReference; name = "BentonSans Black.otf"; path = "../assets/fonts/bentonsansblack/BentonSans Black.otf"; sourceTree = "<group>"; fileEncoding = undefined; lastKnownFileType = unknown; explicitFileType = undefined; includeInIndex = 0; };
		563DA5E3B5B34BB6AA808440 /* BentonSans Bold.otf */ = {isa = PBXFileReference; name = "BentonSans Bold.otf"; path = "../assets/fonts/bentonsansbold/BentonSans Bold.otf"; sourceTree = "<group>"; fileEncoding = undefined; lastKnownFileType = unknown; explicitFileType = undefined; includeInIndex = 0; };
		F2BEEC0EA64545DDB6ED8FF5 /* BentonSans Book.otf */ = {isa = PBXFileReference; name = "BentonSans Book.otf"; path = "../assets/fonts/bentonsansbook/BentonSans Book.otf"; sourceTree = "<group>"; fileEncoding = undefined; lastKnownFileType = unknown; explicitFileType = undefined; includeInIndex = 0; };
		BB896AEB78B74A4E970E9156 /* BentonSans Medium.otf */ = {isa = PBXFileReference; name = "BentonSans Medium.otf"; path = "../assets/fonts/bentonsansmedium/BentonSans Medium.otf"; sourceTree = "<group>"; fileEncoding = undefined; lastKnownFileType = unknown; explicitFileType = undefined; includeInIndex = 0; };
		3B31EE8E095A4C4685DF467E /* BentonSans Regular.otf */ = {isa = PBXFileReference; name = "BentonSans Regular.otf"; path = "../assets/fonts/bentonsansregular/BentonSans Regular.otf"; sourceTree = "<group>"; fileEncoding = undefined; lastKnownFileType = unknown; explicitFileType = undefined; includeInIndex = 0; };
		0200C02464A049FEA8648D65 /* bentonsansblack.png */ = {isa = PBXFileReference; name = "bentonsansblack.png"; path = "../assets/fonts/bentonsansblack.png"; sourceTree = "<group>"; fileEncoding = undefined; lastKnownFileType = unknown; explicitFileType = undefined; includeInIndex = 0; };
		D1D1D2B8CFE64EE2A1853A5E /* bentonsansbold.png */ = {isa = PBXFileReference; name = "bentonsansbold.png"; path = "../assets/fonts/bentonsansbold.png"; sourceTree = "<group>"; fileEncoding = undefined; lastKnownFileType = unknown; explicitFileType = undefined; includeInIndex = 0; };
		11753F342E724F70BB45BC01 /* bentonsansbook.png */ = {isa = PBXFileReference; name = "bentonsansbook.png"; path = "../assets/fonts/bentonsansbook.png"; sourceTree = "<group>"; fileEncoding = undefined; lastKnownFileType = unknown; explicitFileType = undefined; includeInIndex = 0; };
		E7775C2A92904170986598BB /* bentonsansmedium.png */ = {isa = PBXFileReference; name = "bentonsansmedium.png"; path = "../assets/fonts/bentonsansmedium.png"; sourceTree = "<group>"; fileEncoding = undefined; lastKnownFileType = unknown; explicitFileType = undefined; includeInIndex = 0; };
		CE00ADE8543540FFB0C503A7 /* bentonsansregular.png */ = {isa = PBXFileReference; name = "bentonsansregular.png"; path = "../assets/fonts/bentonsansregular.png"; sourceTree = "<group>"; fileEncoding = undefined; lastKnownFileType = unknown; explicitFileType = undefined; includeInIndex = 0; };
		B5F7D918466E4A84972FF637 /* BentonSans Black.otf */ = {isa = PBXFileReference; name = "BentonSans Black.otf"; path = "../assets/fonts/BentonSans Black.otf"; sourceTree = "<group>"; fileEncoding = undefined; lastKnownFileType = unknown; explicitFileType = undefined; includeInIndex = 0; };
		A0E8B28C4CCE4F5BB8D171C1 /* BentonSans Bold.otf */ = {isa = PBXFileReference; name = "BentonSans Bold.otf"; path = "../assets/fonts/BentonSans Bold.otf"; sourceTree = "<group>"; fileEncoding = undefined; lastKnownFileType = unknown; explicitFileType = undefined; includeInIndex = 0; };
		3C45C0C1B10F44A6A889864E /* BentonSans Book.otf */ = {isa = PBXFileReference; name = "BentonSans Book.otf"; path = "../assets/fonts/BentonSans Book.otf"; sourceTree = "<group>"; fileEncoding = undefined; lastKnownFileType = unknown; explicitFileType = undefined; includeInIndex = 0; };
		F80A3F9BA7C043DA8AEC3E77 /* BentonSans Medium.otf */ = {isa = PBXFileReference; name = "BentonSans Medium.otf"; path = "../assets/fonts/BentonSans Medium.otf"; sourceTree = "<group>"; fileEncoding = undefined; lastKnownFileType = unknown; explicitFileType = undefined; includeInIndex = 0; };
		37E3583D5394433C8CB5B841 /* BentonSans Regular.otf */ = {isa = PBXFileReference; name = "BentonSans Regular.otf"; path = "../assets/fonts/BentonSans Regular.otf"; sourceTree = "<group>"; fileEncoding = undefined; lastKnownFileType = unknown; explicitFileType = undefined; includeInIndex = 0; };
		4BFE70F1502846A7822996FE /* BentonSansBlack.otf */ = {isa = PBXFileReference; name = "BentonSansBlack.otf"; path = "../assets/fonts/BentonSansBlack.otf"; sourceTree = "<group>"; fileEncoding = undefined; lastKnownFileType = unknown; explicitFileType = undefined; includeInIndex = 0; };
		293AEE44BCB441E28EB0A4FB /* BentonSansBold.otf */ = {isa = PBXFileReference; name = "BentonSansBold.otf"; path = "../assets/fonts/BentonSansBold.otf"; sourceTree = "<group>"; fileEncoding = undefined; lastKnownFileType = unknown; explicitFileType = undefined; includeInIndex = 0; };
		079A6A6A24474E2E824A08EA /* BentonSansBook.otf */ = {isa = PBXFileReference; name = "BentonSansBook.otf"; path = "../assets/fonts/BentonSansBook.otf"; sourceTree = "<group>"; fileEncoding = undefined; lastKnownFileType = unknown; explicitFileType = undefined; includeInIndex = 0; };
		CA253FC8B6394215A6255744 /* BentonSansMedium.otf */ = {isa = PBXFileReference; name = "BentonSansMedium.otf"; path = "../assets/fonts/BentonSansMedium.otf"; sourceTree = "<group>"; fileEncoding = undefined; lastKnownFileType = unknown; explicitFileType = undefined; includeInIndex = 0; };
		27607946C74F428A80B7FB5D /* BentonSansRegular.otf */ = {isa = PBXFileReference; name = "BentonSansRegular.otf"; path = "../assets/fonts/BentonSansRegular.otf"; sourceTree = "<group>"; fileEncoding = undefined; lastKnownFileType = unknown; explicitFileType = undefined; includeInIndex = 0; };
		71075DDDF2C2410E9EA132B6 /* BentonSans-Bold.otf */ = {isa = PBXFileReference; name = "BentonSans-Bold.otf"; path = "../assets/fonts/BentonSans-Bold.otf"; sourceTree = "<group>"; fileEncoding = undefined; lastKnownFileType = unknown; explicitFileType = undefined; includeInIndex = 0; };
		E9E8C16D91FE4D8FB7351114 /* BentonSans-Regular.otf */ = {isa = PBXFileReference; name = "BentonSans-Regular.otf"; path = "../assets/fonts/BentonSans-Regular.otf"; sourceTree = "<group>"; fileEncoding = undefined; lastKnownFileType = unknown; explicitFileType = undefined; includeInIndex = 0; };
		C8B5270E966D4414A1B8A0B1 /* Roboto-Black.ttf */ = {isa = PBXFileReference; name = "Roboto-Black.ttf"; path = "../assets/fonts/Roboto-Black.ttf"; sourceTree = "<group>"; fileEncoding = undefined; lastKnownFileType = unknown; explicitFileType = undefined; includeInIndex = 0; };
		3FA13A8C5EED41A39830628F /* Roboto-BlackItalic.ttf */ = {isa = PBXFileReference; name = "Roboto-BlackItalic.ttf"; path = "../assets/fonts/Roboto-BlackItalic.ttf"; sourceTree = "<group>"; fileEncoding = undefined; lastKnownFileType = unknown; explicitFileType = undefined; includeInIndex = 0; };
		1430B062FC3F4F7E9C8CCDE1 /* Roboto-Bold.ttf */ = {isa = PBXFileReference; name = "Roboto-Bold.ttf"; path = "../assets/fonts/Roboto-Bold.ttf"; sourceTree = "<group>"; fileEncoding = undefined; lastKnownFileType = unknown; explicitFileType = undefined; includeInIndex = 0; };
		B577ED0DD9964E659D7DA22C /* Roboto-BoldItalic.ttf */ = {isa = PBXFileReference; name = "Roboto-BoldItalic.ttf"; path = "../assets/fonts/Roboto-BoldItalic.ttf"; sourceTree = "<group>"; fileEncoding = undefined; lastKnownFileType = unknown; explicitFileType = undefined; includeInIndex = 0; };
		7E6BF1118232407398410ECC /* Roboto-Italic.ttf */ = {isa = PBXFileReference; name = "Roboto-Italic.ttf"; path = "../assets/fonts/Roboto-Italic.ttf"; sourceTree = "<group>"; fileEncoding = undefined; lastKnownFileType = unknown; explicitFileType = undefined; includeInIndex = 0; };
		1A381A15E74145D78E020F9F /* Roboto-Light.ttf */ = {isa = PBXFileReference; name = "Roboto-Light.ttf"; path = "../assets/fonts/Roboto-Light.ttf"; sourceTree = "<group>"; fileEncoding = undefined; lastKnownFileType = unknown; explicitFileType = undefined; includeInIndex = 0; };
		ADA83F5CDFCD48F791FFA8E6 /* Roboto-LightItalic.ttf */ = {isa = PBXFileReference; name = "Roboto-LightItalic.ttf"; path = "../assets/fonts/Roboto-LightItalic.ttf"; sourceTree = "<group>"; fileEncoding = undefined; lastKnownFileType = unknown; explicitFileType = undefined; includeInIndex = 0; };
		C00EE3B931644F59811CC077 /* Roboto-Medium.ttf */ = {isa = PBXFileReference; name = "Roboto-Medium.ttf"; path = "../assets/fonts/Roboto-Medium.ttf"; sourceTree = "<group>"; fileEncoding = undefined; lastKnownFileType = unknown; explicitFileType = undefined; includeInIndex = 0; };
		ACF465425AA847958971C10E /* Roboto-MediumItalic.ttf */ = {isa = PBXFileReference; name = "Roboto-MediumItalic.ttf"; path = "../assets/fonts/Roboto-MediumItalic.ttf"; sourceTree = "<group>"; fileEncoding = undefined; lastKnownFileType = unknown; explicitFileType = undefined; includeInIndex = 0; };
		A496EC84A5EB4E7589FDE47F /* Roboto-Regular.ttf */ = {isa = PBXFileReference; name = "Roboto-Regular.ttf"; path = "../assets/fonts/Roboto-Regular.ttf"; sourceTree = "<group>"; fileEncoding = undefined; lastKnownFileType = unknown; explicitFileType = undefined; includeInIndex = 0; };
		7AA6E160B38C4FA782D4471A /* Roboto-Thin.ttf */ = {isa = PBXFileReference; name = "Roboto-Thin.ttf"; path = "../assets/fonts/Roboto-Thin.ttf"; sourceTree = "<group>"; fileEncoding = undefined; lastKnownFileType = unknown; explicitFileType = undefined; includeInIndex = 0; };
		1F446C1231AB4A2583A5B8EF /* Roboto-ThinItalic.ttf */ = {isa = PBXFileReference; name = "Roboto-ThinItalic.ttf"; path = "../assets/fonts/Roboto-ThinItalic.ttf"; sourceTree = "<group>"; fileEncoding = undefined; lastKnownFileType = unknown; explicitFileType = undefined; includeInIndex = 0; };
		0EAA60A93DA240FBB150ED4F /* RobotoCondensed-Bold.ttf */ = {isa = PBXFileReference; name = "RobotoCondensed-Bold.ttf"; path = "../assets/fonts/RobotoCondensed-Bold.ttf"; sourceTree = "<group>"; fileEncoding = undefined; lastKnownFileType = unknown; explicitFileType = undefined; includeInIndex = 0; };
		D7C2F1108D704BE99610AD05 /* RobotoCondensed-BoldItalic.ttf */ = {isa = PBXFileReference; name = "RobotoCondensed-BoldItalic.ttf"; path = "../assets/fonts/RobotoCondensed-BoldItalic.ttf"; sourceTree = "<group>"; fileEncoding = undefined; lastKnownFileType = unknown; explicitFileType = undefined; includeInIndex = 0; };
		3CE49C7A5AE744F8BD749D14 /* RobotoCondensed-Italic.ttf */ = {isa = PBXFileReference; name = "RobotoCondensed-Italic.ttf"; path = "../assets/fonts/RobotoCondensed-Italic.ttf"; sourceTree = "<group>"; fileEncoding = undefined; lastKnownFileType = unknown; explicitFileType = undefined; includeInIndex = 0; };
		F42C0C52A88C417EB8E00F60 /* RobotoCondensed-Light.ttf */ = {isa = PBXFileReference; name = "RobotoCondensed-Light.ttf"; path = "../assets/fonts/RobotoCondensed-Light.ttf"; sourceTree = "<group>"; fileEncoding = undefined; lastKnownFileType = unknown; explicitFileType = undefined; includeInIndex = 0; };
		8A1050D9A3584D8386A0992D /* RobotoCondensed-LightItalic.ttf */ = {isa = PBXFileReference; name = "RobotoCondensed-LightItalic.ttf"; path = "../assets/fonts/RobotoCondensed-LightItalic.ttf"; sourceTree = "<group>"; fileEncoding = undefined; lastKnownFileType = unknown; explicitFileType = undefined; includeInIndex = 0; };
		5364E3E76F85479C8A75D419 /* RobotoCondensed-Regular.ttf */ = {isa = PBXFileReference; name = "RobotoCondensed-Regular.ttf"; path = "../assets/fonts/RobotoCondensed-Regular.ttf"; sourceTree = "<group>"; fileEncoding = undefined; lastKnownFileType = unknown; explicitFileType = undefined; includeInIndex = 0; };
		63A9D39C60194708AC58AE1A /* PTSans-Bold.ttf */ = {isa = PBXFileReference; name = "PTSans-Bold.ttf"; path = "../assets/fonts/PTSans-Bold.ttf"; sourceTree = "<group>"; fileEncoding = undefined; lastKnownFileType = unknown; explicitFileType = undefined; includeInIndex = 0; };
		53338631A0464E26BB5F4644 /* PTSans-BoldItalic.ttf */ = {isa = PBXFileReference; name = "PTSans-BoldItalic.ttf"; path = "../assets/fonts/PTSans-BoldItalic.ttf"; sourceTree = "<group>"; fileEncoding = undefined; lastKnownFileType = unknown; explicitFileType = undefined; includeInIndex = 0; };
		60800657AF3A42C8AC7F6544 /* PTSans-Italic.ttf */ = {isa = PBXFileReference; name = "PTSans-Italic.ttf"; path = "../assets/fonts/PTSans-Italic.ttf"; sourceTree = "<group>"; fileEncoding = undefined; lastKnownFileType = unknown; explicitFileType = undefined; includeInIndex = 0; };
		1BD0563034084E5D8EC85644 /* PTSans-Regular.ttf */ = {isa = PBXFileReference; name = "PTSans-Regular.ttf"; path = "../assets/fonts/PTSans-Regular.ttf"; sourceTree = "<group>"; fileEncoding = undefined; lastKnownFileType = unknown; explicitFileType = undefined; includeInIndex = 0; };
/* End PBXFileReference section */

/* Begin PBXFrameworksBuildPhase section */
		00E356EB1AD99517003FC87E /* Frameworks */ = {
			isa = PBXFrameworksBuildPhase;
			buildActionMask = 2147483647;
			files = (
			);
			runOnlyForDeploymentPostprocessing = 0;
		};
		13B07F8C1A680F5B00A75B9A /* Frameworks */ = {
			isa = PBXFrameworksBuildPhase;
			buildActionMask = 2147483647;
			files = (
			);
			runOnlyForDeploymentPostprocessing = 0;
		};
/* End PBXFrameworksBuildPhase section */

/* Begin PBXGroup section */
		00E356EF1AD99517003FC87E /* fooddeliveryTests */ = {
			isa = PBXGroup;
			children = (
				00E356F21AD99517003FC87E /* fooddeliveryTests.m */,
				00E356F01AD99517003FC87E /* Supporting Files */,
			);
			path = fooddeliveryTests;
			sourceTree = "<group>";
		};
		00E356F01AD99517003FC87E /* Supporting Files */ = {
			isa = PBXGroup;
			children = (
				00E356F11AD99517003FC87E /* Info.plist */,
			);
			name = "Supporting Files";
			sourceTree = "<group>";
		};
		13B07FAE1A68108700A75B9A /* fooddelivery */ = {
			isa = PBXGroup;
			children = (
				13B07FAF1A68108700A75B9A /* AppDelegate.h */,
				13B07FB01A68108700A75B9A /* AppDelegate.m */,
				13B07FB51A68108700A75B9A /* Images.xcassets */,
				13B07FB61A68108700A75B9A /* Info.plist */,
				81AB9BB72411601600AC10FF /* LaunchScreen.storyboard */,
				13B07FB71A68108700A75B9A /* main.m */,
			);
			name = fooddelivery;
			sourceTree = "<group>";
		};
		2D16E6871FA4F8E400B85C8A /* Frameworks */ = {
			isa = PBXGroup;
			children = (
				ED297162215061F000B7C4FE /* JavaScriptCore.framework */,
			);
			name = Frameworks;
			sourceTree = "<group>";
		};
		832341AE1AAA6A7D00B99B32 /* Libraries */ = {
			isa = PBXGroup;
			children = (
			);
			name = Libraries;
			sourceTree = "<group>";
		};
		83CBB9F61A601CBA00E9B192 = {
			isa = PBXGroup;
			children = (
				13B07FAE1A68108700A75B9A /* fooddelivery */,
				832341AE1AAA6A7D00B99B32 /* Libraries */,
				00E356EF1AD99517003FC87E /* fooddeliveryTests */,
				83CBBA001A601CBA00E9B192 /* Products */,
				2D16E6871FA4F8E400B85C8A /* Frameworks */,
				969AA0760B2D4D53B7791577 /* Resources */,
			);
			indentWidth = 2;
			sourceTree = "<group>";
			tabWidth = 2;
			usesTabs = 0;
		};
		83CBBA001A601CBA00E9B192 /* Products */ = {
			isa = PBXGroup;
			children = (
				13B07F961A680F5B00A75B9A /* fooddelivery.app */,
				00E356EE1AD99517003FC87E /* fooddeliveryTests.xctest */,
			);
			name = Products;
			sourceTree = "<group>";
		};
		969AA0760B2D4D53B7791577 /* Resources */ = {
			isa = "PBXGroup";
			children = (
				6680C4916B3E4586B0B84FF4 /* AntDesign.ttf */,
				C4394012E60F46FCB029C53C /* Entypo.ttf */,
				D4EEA1B3024E42509403FB99 /* EvilIcons.ttf */,
				3E06C5C1EB114DA1BB8ACF55 /* Feather.ttf */,
				C65D6A97A3FA4BBAA323B127 /* FontAwesome.ttf */,
				A0EEDABC94F446F7A2BC3A6F /* FontAwesome5_Brands.ttf */,
				4947AA8E7164432A821F9E86 /* FontAwesome5_Regular.ttf */,
				64D27631F65349D4B4314C18 /* FontAwesome5_Solid.ttf */,
				0CF797E8CA884300A01253EE /* Fontisto.ttf */,
				1D31A40C3D1D49138BC2CAC9 /* Foundation.ttf */,
				22146AE861454BC0A16EE299 /* Ionicons.ttf */,
				2EA5DB410124433EAFCF3B35 /* MaterialCommunityIcons.ttf */,
				E1BA5A3F7DFC4E00AF61C8AA /* MaterialIcons.ttf */,
				81C812DB544A42EE8D03A36C /* Octicons.ttf */,
				38BD585EE2DE4A4E8C615D8D /* SimpleLineIcons.ttf */,
				2B645BADF7A44AFDB8CAF222 /* Zocial.ttf */,
				39409A4A28CA43A7AFE67016 /* bentonsansblack.png */,
				4420FBDDC97849B2A8C835CC /* bentonsansbold.png */,
				B1EF38BEE2E74707AF8B04CB /* bentonsansbook.png */,
				0B4C736E30974553A121700B /* bentonsansmedium.png */,
				9FD6CBEC702A4F33AB590768 /* bentonsansregular.png */,
				9DCCC0D0B9F7448996F30E6D /* BentonSans Black.otf */,
				563DA5E3B5B34BB6AA808440 /* BentonSans Bold.otf */,
				F2BEEC0EA64545DDB6ED8FF5 /* BentonSans Book.otf */,
				BB896AEB78B74A4E970E9156 /* BentonSans Medium.otf */,
				3B31EE8E095A4C4685DF467E /* BentonSans Regular.otf */,
				0200C02464A049FEA8648D65 /* bentonsansblack.png */,
				D1D1D2B8CFE64EE2A1853A5E /* bentonsansbold.png */,
				11753F342E724F70BB45BC01 /* bentonsansbook.png */,
				E7775C2A92904170986598BB /* bentonsansmedium.png */,
				CE00ADE8543540FFB0C503A7 /* bentonsansregular.png */,
				B5F7D918466E4A84972FF637 /* BentonSans Black.otf */,
				A0E8B28C4CCE4F5BB8D171C1 /* BentonSans Bold.otf */,
				3C45C0C1B10F44A6A889864E /* BentonSans Book.otf */,
				F80A3F9BA7C043DA8AEC3E77 /* BentonSans Medium.otf */,
				37E3583D5394433C8CB5B841 /* BentonSans Regular.otf */,
				4BFE70F1502846A7822996FE /* BentonSansBlack.otf */,
				293AEE44BCB441E28EB0A4FB /* BentonSansBold.otf */,
				079A6A6A24474E2E824A08EA /* BentonSansBook.otf */,
				CA253FC8B6394215A6255744 /* BentonSansMedium.otf */,
				27607946C74F428A80B7FB5D /* BentonSansRegular.otf */,
				71075DDDF2C2410E9EA132B6 /* BentonSans-Bold.otf */,
				E9E8C16D91FE4D8FB7351114 /* BentonSans-Regular.otf */,
				C8B5270E966D4414A1B8A0B1 /* Roboto-Black.ttf */,
				3FA13A8C5EED41A39830628F /* Roboto-BlackItalic.ttf */,
				1430B062FC3F4F7E9C8CCDE1 /* Roboto-Bold.ttf */,
				B577ED0DD9964E659D7DA22C /* Roboto-BoldItalic.ttf */,
				7E6BF1118232407398410ECC /* Roboto-Italic.ttf */,
				1A381A15E74145D78E020F9F /* Roboto-Light.ttf */,
				ADA83F5CDFCD48F791FFA8E6 /* Roboto-LightItalic.ttf */,
				C00EE3B931644F59811CC077 /* Roboto-Medium.ttf */,
				ACF465425AA847958971C10E /* Roboto-MediumItalic.ttf */,
				A496EC84A5EB4E7589FDE47F /* Roboto-Regular.ttf */,
				7AA6E160B38C4FA782D4471A /* Roboto-Thin.ttf */,
				1F446C1231AB4A2583A5B8EF /* Roboto-ThinItalic.ttf */,
				0EAA60A93DA240FBB150ED4F /* RobotoCondensed-Bold.ttf */,
				D7C2F1108D704BE99610AD05 /* RobotoCondensed-BoldItalic.ttf */,
				3CE49C7A5AE744F8BD749D14 /* RobotoCondensed-Italic.ttf */,
				F42C0C52A88C417EB8E00F60 /* RobotoCondensed-Light.ttf */,
				8A1050D9A3584D8386A0992D /* RobotoCondensed-LightItalic.ttf */,
				5364E3E76F85479C8A75D419 /* RobotoCondensed-Regular.ttf */,
				63A9D39C60194708AC58AE1A /* PTSans-Bold.ttf */,
				53338631A0464E26BB5F4644 /* PTSans-BoldItalic.ttf */,
				60800657AF3A42C8AC7F6544 /* PTSans-Italic.ttf */,
				1BD0563034084E5D8EC85644 /* PTSans-Regular.ttf */,
			);
			name = Resources;
			sourceTree = "<group>";
			path = "";
		};
/* End PBXGroup section */

/* Begin PBXNativeTarget section */
		00E356ED1AD99517003FC87E /* fooddeliveryTests */ = {
			isa = PBXNativeTarget;
			buildConfigurationList = 00E357021AD99517003FC87E /* Build configuration list for PBXNativeTarget "fooddeliveryTests" */;
			buildPhases = (
				00E356EA1AD99517003FC87E /* Sources */,
				00E356EB1AD99517003FC87E /* Frameworks */,
				00E356EC1AD99517003FC87E /* Resources */,
			);
			buildRules = (
			);
			dependencies = (
				00E356F51AD99517003FC87E /* PBXTargetDependency */,
			);
			name = fooddeliveryTests;
			productName = fooddeliveryTests;
			productReference = 00E356EE1AD99517003FC87E /* fooddeliveryTests.xctest */;
			productType = "com.apple.product-type.bundle.unit-test";
		};
		13B07F861A680F5B00A75B9A /* fooddelivery */ = {
			isa = PBXNativeTarget;
			buildConfigurationList = 13B07F931A680F5B00A75B9A /* Build configuration list for PBXNativeTarget "fooddelivery" */;
			buildPhases = (
				FD10A7F022414F080027D42C /* Start Packager */,
				13B07F871A680F5B00A75B9A /* Sources */,
				13B07F8C1A680F5B00A75B9A /* Frameworks */,
				13B07F8E1A680F5B00A75B9A /* Resources */,
				00DD1BFF1BD5951E006B06BC /* Bundle React Native code and images */,
			);
			buildRules = (
			);
			dependencies = (
			);
			name = fooddelivery;
			productName = fooddelivery;
			productReference = 13B07F961A680F5B00A75B9A /* fooddelivery.app */;
			productType = "com.apple.product-type.application";
		};
/* End PBXNativeTarget section */

/* Begin PBXProject section */
		83CBB9F71A601CBA00E9B192 /* Project object */ = {
			isa = PBXProject;
			attributes = {
				LastUpgradeCheck = 1210;
				TargetAttributes = {
					00E356ED1AD99517003FC87E = {
						CreatedOnToolsVersion = 6.2;
						TestTargetID = 13B07F861A680F5B00A75B9A;
					};
					13B07F861A680F5B00A75B9A = {
						LastSwiftMigration = 1120;
					};
				};
			};
			buildConfigurationList = 83CBB9FA1A601CBA00E9B192 /* Build configuration list for PBXProject "fooddelivery" */;
			compatibilityVersion = "Xcode 12.0";
			developmentRegion = en;
			hasScannedForEncodings = 0;
			knownRegions = (
				en,
				Base,
			);
			mainGroup = 83CBB9F61A601CBA00E9B192;
			productRefGroup = 83CBBA001A601CBA00E9B192 /* Products */;
			projectDirPath = "";
			projectRoot = "";
			targets = (
				13B07F861A680F5B00A75B9A /* fooddelivery */,
				00E356ED1AD99517003FC87E /* fooddeliveryTests */,
			);
		};
/* End PBXProject section */

/* Begin PBXResourcesBuildPhase section */
		00E356EC1AD99517003FC87E /* Resources */ = {
			isa = PBXResourcesBuildPhase;
			buildActionMask = 2147483647;
			files = (
			);
			runOnlyForDeploymentPostprocessing = 0;
		};
		13B07F8E1A680F5B00A75B9A /* Resources */ = {
			isa = PBXResourcesBuildPhase;
			buildActionMask = 2147483647;
			files = (
				81AB9BB82411601600AC10FF /* LaunchScreen.storyboard in Resources */,
				13B07FBF1A68108700A75B9A /* Images.xcassets in Resources */,
				B86A2C1981644CE5A76030F0 /* AntDesign.ttf in Resources */,
				B2DEB30E2EE24591A1C8AB17 /* Entypo.ttf in Resources */,
				4169A8F4CFDD4E6798474486 /* EvilIcons.ttf in Resources */,
				CC16362E0CED4A8BB28465DD /* Feather.ttf in Resources */,
				44BB35873CCB4501899B5A92 /* FontAwesome.ttf in Resources */,
				C6C369CB8F6C487480BF9794 /* FontAwesome5_Brands.ttf in Resources */,
				99A778B345E64D1E8D4DBD42 /* FontAwesome5_Regular.ttf in Resources */,
				63E3B0AF320845669CF0780A /* FontAwesome5_Solid.ttf in Resources */,
				284EF4EF00F3463C83D72C6E /* Fontisto.ttf in Resources */,
				9C6A97E080FB4F7AAFBEC474 /* Foundation.ttf in Resources */,
				2F2321FC24BA4248906E3880 /* Ionicons.ttf in Resources */,
				84158C4196274FE4B8F53890 /* MaterialCommunityIcons.ttf in Resources */,
				719A890F9CA741799890E032 /* MaterialIcons.ttf in Resources */,
				D5F27C76AB3B4AB78030DF85 /* Octicons.ttf in Resources */,
				E2CC89FE8DEA4A2C8E992E92 /* SimpleLineIcons.ttf in Resources */,
				18D2C4FC94F34250B3BF6100 /* Zocial.ttf in Resources */,
				BF99AEC95DA2475A82BF2185 /* bentonsansblack.png in Resources */,
				0DA07DF4DF8D4AA7880A174A /* bentonsansbold.png in Resources */,
				6EEBA53A701542F4A3F4AFC0 /* bentonsansbook.png in Resources */,
				B2F1AFFD99CF4DA19409D5D9 /* bentonsansmedium.png in Resources */,
				59563F7EC5C24E4F825CBD7D /* bentonsansregular.png in Resources */,
				1C0772D1CBC34CA0AAD619B5 /* BentonSans Black.otf in Resources */,
				95A6AA4B341B42FD98648D95 /* BentonSans Bold.otf in Resources */,
				DF98D02783EE4181AA77E3F9 /* BentonSans Book.otf in Resources */,
				14E82DC0720D4035AFA3DB37 /* BentonSans Medium.otf in Resources */,
				929CDDBB872B4C0788061EBF /* BentonSans Regular.otf in Resources */,
				8171DCDFD4474EFE8A22BC51 /* bentonsansblack.png in Resources */,
				A46B5F81D19E4E40B52DABFE /* bentonsansbold.png in Resources */,
				4C84F6A828FB4DC2952C761A /* bentonsansbook.png in Resources */,
				21EF14828BFE40E7ACB95E88 /* bentonsansmedium.png in Resources */,
				FE92D08F30204FFAA6C0B00B /* bentonsansregular.png in Resources */,
				0650A26DCFCC470BB1D39636 /* BentonSans Black.otf in Resources */,
				29E5BA60247C4D17A7BCF063 /* BentonSans Bold.otf in Resources */,
				DF30C1DD5AA04C649DA929E8 /* BentonSans Book.otf in Resources */,
				2E011DDC97C14612BEF3BAC9 /* BentonSans Medium.otf in Resources */,
				ED0E49B8A5C54EC2B6D8A5B8 /* BentonSans Regular.otf in Resources */,
				DC46919BBB634D42A5091577 /* BentonSansBlack.otf in Resources */,
				68F66C92700F493BB56F2571 /* BentonSansBold.otf in Resources */,
				C385BD34D864464987FF24DA /* BentonSansBook.otf in Resources */,
				52FAA4C71BB84B8EA32C738E /* BentonSansMedium.otf in Resources */,
				5BC55819A8754AE4A08E3E8B /* BentonSansRegular.otf in Resources */,
				60BCA8748FFB488B96F4A46F /* BentonSans-Bold.otf in Resources */,
				45AFAA71D3CF4479B7724378 /* BentonSans-Regular.otf in Resources */,
				7CB1890BF07646D49CB8A934 /* Roboto-Black.ttf in Resources */,
				DC5FE180A83E4A8CB4869785 /* Roboto-BlackItalic.ttf in Resources */,
				C237F8FAF5344AEE9C435B79 /* Roboto-Bold.ttf in Resources */,
				CBB6F94E8EB94518ABB9CE2B /* Roboto-BoldItalic.ttf in Resources */,
				9098FC0584044AF9A80C09F9 /* Roboto-Italic.ttf in Resources */,
				6AB066C2E0DA4A04A430233F /* Roboto-Light.ttf in Resources */,
				1323F2CE614948B08E2E2C8C /* Roboto-LightItalic.ttf in Resources */,
				00A89693E7CB428FB72BF104 /* Roboto-Medium.ttf in Resources */,
				8C758A3A3B4A40CCB83C81AD /* Roboto-MediumItalic.ttf in Resources */,
				769A4756104B4B92A9019550 /* Roboto-Regular.ttf in Resources */,
				0AB63368C1FE417081BDB8D4 /* Roboto-Thin.ttf in Resources */,
				E243C388B7A142C2B107315B /* Roboto-ThinItalic.ttf in Resources */,
				DCCE0CE2566348AFB62452CC /* RobotoCondensed-Bold.ttf in Resources */,
				374C872635CA43ABBB5420FD /* RobotoCondensed-BoldItalic.ttf in Resources */,
				2B43C9248C62471EBF40CF7F /* RobotoCondensed-Italic.ttf in Resources */,
				CB83C6D9C23142CC8325F5B6 /* RobotoCondensed-Light.ttf in Resources */,
				5FA3788A9C29433BA4D51097 /* RobotoCondensed-LightItalic.ttf in Resources */,
				FD67416A6D084C6FA2BBE994 /* RobotoCondensed-Regular.ttf in Resources */,
				1DAABD885C3942BAB69EAFF8 /* PTSans-Bold.ttf in Resources */,
				AD13AE33115849C395C63415 /* PTSans-BoldItalic.ttf in Resources */,
				CA525B18D63A4E2D87D5DB96 /* PTSans-Italic.ttf in Resources */,
				AE49789681A64F7A89050E3E /* PTSans-Regular.ttf in Resources */,
			);
			runOnlyForDeploymentPostprocessing = 0;
		};
/* End PBXResourcesBuildPhase section */

/* Begin PBXShellScriptBuildPhase section */
		00DD1BFF1BD5951E006B06BC /* Bundle React Native code and images */ = {
			isa = PBXShellScriptBuildPhase;
			buildActionMask = 2147483647;
			files = (
			);
			inputPaths = (
			);
			name = "Bundle React Native code and images";
			outputPaths = (
			);
			runOnlyForDeploymentPostprocessing = 0;
			shellPath = /bin/sh;
			shellScript = "set -e\n\nexport NODE_BINARY=node\n../node_modules/react-native/scripts/react-native-xcode.sh\n";
		};
		FD10A7F022414F080027D42C /* Start Packager */ = {
			isa = PBXShellScriptBuildPhase;
			buildActionMask = 2147483647;
			files = (
			);
			inputFileListPaths = (
			);
			inputPaths = (
			);
			name = "Start Packager";
			outputFileListPaths = (
			);
			outputPaths = (
			);
			runOnlyForDeploymentPostprocessing = 0;
			shellPath = /bin/sh;
			shellScript = "export RCT_METRO_PORT=\"${RCT_METRO_PORT:=8081}\"\necho \"export RCT_METRO_PORT=${RCT_METRO_PORT}\" > \"${SRCROOT}/../node_modules/react-native/scripts/.packager.env\"\nif [ -z \"${RCT_NO_LAUNCH_PACKAGER+xxx}\" ] ; then\n  if nc -w 5 -z localhost ${RCT_METRO_PORT} ; then\n    if ! curl -s \"http://localhost:${RCT_METRO_PORT}/status\" | grep -q \"packager-status:running\" ; then\n      echo \"Port ${RCT_METRO_PORT} already in use, packager is either not running or not running correctly\"\n      exit 2\n    fi\n  else\n    open \"$SRCROOT/../node_modules/react-native/scripts/launchPackager.command\" || echo \"Can't start packager automatically\"\n  fi\nfi\n";
			showEnvVarsInLog = 0;
		};
/* End PBXShellScriptBuildPhase section */

/* Begin PBXSourcesBuildPhase section */
		00E356EA1AD99517003FC87E /* Sources */ = {
			isa = PBXSourcesBuildPhase;
			buildActionMask = 2147483647;
			files = (
				00E356F31AD99517003FC87E /* fooddeliveryTests.m in Sources */,
			);
			runOnlyForDeploymentPostprocessing = 0;
		};
		13B07F871A680F5B00A75B9A /* Sources */ = {
			isa = PBXSourcesBuildPhase;
			buildActionMask = 2147483647;
			files = (
				13B07FBC1A68108700A75B9A /* AppDelegate.m in Sources */,
				13B07FC11A68108700A75B9A /* main.m in Sources */,
			);
			runOnlyForDeploymentPostprocessing = 0;
		};
/* End PBXSourcesBuildPhase section */

/* Begin PBXTargetDependency section */
		00E356F51AD99517003FC87E /* PBXTargetDependency */ = {
			isa = PBXTargetDependency;
			target = 13B07F861A680F5B00A75B9A /* fooddelivery */;
			targetProxy = 00E356F41AD99517003FC87E /* PBXContainerItemProxy */;
		};
/* End PBXTargetDependency section */

/* Begin XCBuildConfiguration section */
		00E356F61AD99517003FC87E /* Debug */ = {
			isa = XCBuildConfiguration;
			buildSettings = {
				BUNDLE_LOADER = "$(TEST_HOST)";
				GCC_PREPROCESSOR_DEFINITIONS = (
					"DEBUG=1",
					"$(inherited)",
				);
				INFOPLIST_FILE = fooddeliveryTests/Info.plist;
				IPHONEOS_DEPLOYMENT_TARGET = 11.0;
				LD_RUNPATH_SEARCH_PATHS = (
					"$(inherited)",
					"@executable_path/Frameworks",
					"@loader_path/Frameworks",
				);
				OTHER_LDFLAGS = (
					"-ObjC",
					"-lc++",
					"$(inherited)",
				);
				PRODUCT_BUNDLE_IDENTIFIER = "org.reactjs.native.example.$(PRODUCT_NAME:rfc1034identifier)";
				PRODUCT_NAME = "$(TARGET_NAME)";
				TEST_HOST = "$(BUILT_PRODUCTS_DIR)/fooddelivery.app/fooddelivery";
			};
			name = Debug;
		};
		00E356F71AD99517003FC87E /* Release */ = {
			isa = XCBuildConfiguration;
			buildSettings = {
				BUNDLE_LOADER = "$(TEST_HOST)";
				COPY_PHASE_STRIP = NO;
				INFOPLIST_FILE = fooddeliveryTests/Info.plist;
				IPHONEOS_DEPLOYMENT_TARGET = 11.0;
				LD_RUNPATH_SEARCH_PATHS = (
					"$(inherited)",
					"@executable_path/Frameworks",
					"@loader_path/Frameworks",
				);
				OTHER_LDFLAGS = (
					"-ObjC",
					"-lc++",
					"$(inherited)",
				);
				PRODUCT_BUNDLE_IDENTIFIER = "org.reactjs.native.example.$(PRODUCT_NAME:rfc1034identifier)";
				PRODUCT_NAME = "$(TARGET_NAME)";
				TEST_HOST = "$(BUILT_PRODUCTS_DIR)/fooddelivery.app/fooddelivery";
			};
			name = Release;
		};
		13B07F941A680F5B00A75B9A /* Debug */ = {
			isa = XCBuildConfiguration;
			buildSettings = {
				ASSETCATALOG_COMPILER_APPICON_NAME = AppIcon;
				CLANG_ENABLE_MODULES = YES;
				CURRENT_PROJECT_VERSION = 1;
				ENABLE_BITCODE = NO;
				INFOPLIST_FILE = fooddelivery/Info.plist;
				LD_RUNPATH_SEARCH_PATHS = (
					"$(inherited)",
					"@executable_path/Frameworks",
				);
				OTHER_LDFLAGS = (
					"$(inherited)",
					"-ObjC",
					"-lc++",
				);
				PRODUCT_BUNDLE_IDENTIFIER = "org.reactjs.native.example.$(PRODUCT_NAME:rfc1034identifier)";
				PRODUCT_NAME = fooddelivery;
				SWIFT_OPTIMIZATION_LEVEL = "-Onone";
				SWIFT_VERSION = 5.0;
				VERSIONING_SYSTEM = "apple-generic";
			};
			name = Debug;
		};
		13B07F951A680F5B00A75B9A /* Release */ = {
			isa = XCBuildConfiguration;
			buildSettings = {
				ASSETCATALOG_COMPILER_APPICON_NAME = AppIcon;
				CLANG_ENABLE_MODULES = YES;
				CURRENT_PROJECT_VERSION = 1;
				INFOPLIST_FILE = fooddelivery/Info.plist;
				LD_RUNPATH_SEARCH_PATHS = (
					"$(inherited)",
					"@executable_path/Frameworks",
				);
				OTHER_LDFLAGS = (
					"$(inherited)",
					"-ObjC",
					"-lc++",
				);
				PRODUCT_BUNDLE_IDENTIFIER = "org.reactjs.native.example.$(PRODUCT_NAME:rfc1034identifier)";
				PRODUCT_NAME = fooddelivery;
				SWIFT_VERSION = 5.0;
				VERSIONING_SYSTEM = "apple-generic";
			};
			name = Release;
		};
		83CBBA201A601CBA00E9B192 /* Debug */ = {
			isa = XCBuildConfiguration;
			buildSettings = {
				ALWAYS_SEARCH_USER_PATHS = NO;
				CLANG_ANALYZER_LOCALIZABILITY_NONLOCALIZED = YES;
				CLANG_CXX_LANGUAGE_STANDARD = "gnu++0x";
				CLANG_CXX_LIBRARY = "libc++";
				CLANG_ENABLE_MODULES = YES;
				CLANG_ENABLE_OBJC_ARC = YES;
				CLANG_WARN_BLOCK_CAPTURE_AUTORELEASING = YES;
				CLANG_WARN_BOOL_CONVERSION = YES;
				CLANG_WARN_COMMA = YES;
				CLANG_WARN_CONSTANT_CONVERSION = YES;
				CLANG_WARN_DEPRECATED_OBJC_IMPLEMENTATIONS = YES;
				CLANG_WARN_DIRECT_OBJC_ISA_USAGE = YES_ERROR;
				CLANG_WARN_EMPTY_BODY = YES;
				CLANG_WARN_ENUM_CONVERSION = YES;
				CLANG_WARN_INFINITE_RECURSION = YES;
				CLANG_WARN_INT_CONVERSION = YES;
				CLANG_WARN_NON_LITERAL_NULL_CONVERSION = YES;
				CLANG_WARN_OBJC_IMPLICIT_RETAIN_SELF = YES;
				CLANG_WARN_OBJC_LITERAL_CONVERSION = YES;
				CLANG_WARN_OBJC_ROOT_CLASS = YES_ERROR;
				CLANG_WARN_QUOTED_INCLUDE_IN_FRAMEWORK_HEADER = YES;
				CLANG_WARN_RANGE_LOOP_ANALYSIS = YES;
				CLANG_WARN_STRICT_PROTOTYPES = YES;
				CLANG_WARN_SUSPICIOUS_MOVE = YES;
				CLANG_WARN_UNREACHABLE_CODE = YES;
				CLANG_WARN__DUPLICATE_METHOD_MATCH = YES;
				"CODE_SIGN_IDENTITY[sdk=iphoneos*]" = "iPhone Developer";
				COPY_PHASE_STRIP = NO;
				ENABLE_STRICT_OBJC_MSGSEND = YES;
				ENABLE_TESTABILITY = YES;
				GCC_C_LANGUAGE_STANDARD = gnu99;
				GCC_DYNAMIC_NO_PIC = NO;
				GCC_NO_COMMON_BLOCKS = YES;
				GCC_OPTIMIZATION_LEVEL = 0;
				GCC_PREPROCESSOR_DEFINITIONS = (
					"DEBUG=1",
					"$(inherited)",
				);
				GCC_SYMBOLS_PRIVATE_EXTERN = NO;
				GCC_WARN_64_TO_32_BIT_CONVERSION = YES;
				GCC_WARN_ABOUT_RETURN_TYPE = YES_ERROR;
				GCC_WARN_UNDECLARED_SELECTOR = YES;
				GCC_WARN_UNINITIALIZED_AUTOS = YES_AGGRESSIVE;
				GCC_WARN_UNUSED_FUNCTION = YES;
				GCC_WARN_UNUSED_VARIABLE = YES;
				IPHONEOS_DEPLOYMENT_TARGET = 11.0;
				LD_RUNPATH_SEARCH_PATHS = (
					/usr/lib/swift,
					"$(inherited)",
				);
				LIBRARY_SEARCH_PATHS = (
					"\"$(SDKROOT)/usr/lib/swift\"",
					"\"$(TOOLCHAIN_DIR)/usr/lib/swift/$(PLATFORM_NAME)\"",
					"\"$(TOOLCHAIN_DIR)/usr/lib/swift-5.0/$(PLATFORM_NAME)\"",
					"\"$(inherited)\"",
				);
				MTL_ENABLE_DEBUG_INFO = YES;
				ONLY_ACTIVE_ARCH = YES;
				SDKROOT = iphoneos;
			};
			name = Debug;
		};
		83CBBA211A601CBA00E9B192 /* Release */ = {
			isa = XCBuildConfiguration;
			buildSettings = {
				ALWAYS_SEARCH_USER_PATHS = NO;
				CLANG_ANALYZER_LOCALIZABILITY_NONLOCALIZED = YES;
				CLANG_CXX_LANGUAGE_STANDARD = "gnu++0x";
				CLANG_CXX_LIBRARY = "libc++";
				CLANG_ENABLE_MODULES = YES;
				CLANG_ENABLE_OBJC_ARC = YES;
				CLANG_WARN_BLOCK_CAPTURE_AUTORELEASING = YES;
				CLANG_WARN_BOOL_CONVERSION = YES;
				CLANG_WARN_COMMA = YES;
				CLANG_WARN_CONSTANT_CONVERSION = YES;
				CLANG_WARN_DEPRECATED_OBJC_IMPLEMENTATIONS = YES;
				CLANG_WARN_DIRECT_OBJC_ISA_USAGE = YES_ERROR;
				CLANG_WARN_EMPTY_BODY = YES;
				CLANG_WARN_ENUM_CONVERSION = YES;
				CLANG_WARN_INFINITE_RECURSION = YES;
				CLANG_WARN_INT_CONVERSION = YES;
				CLANG_WARN_NON_LITERAL_NULL_CONVERSION = YES;
				CLANG_WARN_OBJC_IMPLICIT_RETAIN_SELF = YES;
				CLANG_WARN_OBJC_LITERAL_CONVERSION = YES;
				CLANG_WARN_OBJC_ROOT_CLASS = YES_ERROR;
				CLANG_WARN_QUOTED_INCLUDE_IN_FRAMEWORK_HEADER = YES;
				CLANG_WARN_RANGE_LOOP_ANALYSIS = YES;
				CLANG_WARN_STRICT_PROTOTYPES = YES;
				CLANG_WARN_SUSPICIOUS_MOVE = YES;
				CLANG_WARN_UNREACHABLE_CODE = YES;
				CLANG_WARN__DUPLICATE_METHOD_MATCH = YES;
				"CODE_SIGN_IDENTITY[sdk=iphoneos*]" = "iPhone Developer";
				COPY_PHASE_STRIP = YES;
				ENABLE_NS_ASSERTIONS = NO;
				ENABLE_STRICT_OBJC_MSGSEND = YES;
				GCC_C_LANGUAGE_STANDARD = gnu99;
				GCC_NO_COMMON_BLOCKS = YES;
				GCC_WARN_64_TO_32_BIT_CONVERSION = YES;
				GCC_WARN_ABOUT_RETURN_TYPE = YES_ERROR;
				GCC_WARN_UNDECLARED_SELECTOR = YES;
				GCC_WARN_UNINITIALIZED_AUTOS = YES_AGGRESSIVE;
				GCC_WARN_UNUSED_FUNCTION = YES;
				GCC_WARN_UNUSED_VARIABLE = YES;
				IPHONEOS_DEPLOYMENT_TARGET = 11.0;
				LD_RUNPATH_SEARCH_PATHS = (
					/usr/lib/swift,
					"$(inherited)",
				);
				LIBRARY_SEARCH_PATHS = (
					"\"$(SDKROOT)/usr/lib/swift\"",
					"\"$(TOOLCHAIN_DIR)/usr/lib/swift/$(PLATFORM_NAME)\"",
					"\"$(TOOLCHAIN_DIR)/usr/lib/swift-5.0/$(PLATFORM_NAME)\"",
					"\"$(inherited)\"",
				);
				MTL_ENABLE_DEBUG_INFO = NO;
				SDKROOT = iphoneos;
				VALIDATE_PRODUCT = YES;
			};
			name = Release;
		};
/* End XCBuildConfiguration section */

/* Begin XCConfigurationList section */
		00E357021AD99517003FC87E /* Build configuration list for PBXNativeTarget "fooddeliveryTests" */ = {
			isa = XCConfigurationList;
			buildConfigurations = (
				00E356F61AD99517003FC87E /* Debug */,
				00E356F71AD99517003FC87E /* Release */,
			);
			defaultConfigurationIsVisible = 0;
			defaultConfigurationName = Release;
		};
		13B07F931A680F5B00A75B9A /* Build configuration list for PBXNativeTarget "fooddelivery" */ = {
			isa = XCConfigurationList;
			buildConfigurations = (
				13B07F941A680F5B00A75B9A /* Debug */,
				13B07F951A680F5B00A75B9A /* Release */,
			);
			defaultConfigurationIsVisible = 0;
			defaultConfigurationName = Release;
		};
		83CBB9FA1A601CBA00E9B192 /* Build configuration list for PBXProject "fooddelivery" */ = {
			isa = XCConfigurationList;
			buildConfigurations = (
				83CBBA201A601CBA00E9B192 /* Debug */,
				83CBBA211A601CBA00E9B192 /* Release */,
			);
			defaultConfigurationIsVisible = 0;
			defaultConfigurationName = Release;
		};
/* End XCConfigurationList section */
	};
	rootObject = 83CBB9F71A601CBA00E9B192 /* Project object */;
}
